// !$*UTF8*$!
{
	archiveVersion = 1;
	classes = {
	};
	objectVersion = 56;
	objects = {

/* Begin PBXBuildFile section */
		3B0000000000000000000001 /* SwimTrackerApp.swift in Sources */ = {isa = PBXBuildFile; fileRef = 2B0000000000000000000001 /* SwimTrackerApp.swift */; };
		3B0000000000000000000002 /* Models.swift in Sources */ = {isa = PBXBuildFile; fileRef = 2B0000000000000000000002 /* Models.swift */; };
		3B0000000000000000000003 /* Theme.swift in Sources */ = {isa = PBXBuildFile; fileRef = 2B0000000000000000000003 /* Theme.swift */; };
		3B0000000000000000000004 /* ContentView.swift in Sources */ = {isa = PBXBuildFile; fileRef = 2B0000000000000000000004 /* ContentView.swift */; };
		3B0000000000000000000005 /* HomeView.swift in Sources */ = {isa = PBXBuildFile; fileRef = 2B0000000000000000000005 /* HomeView.swift */; };
		3B0000000000000000000006 /* TimesView.swift in Sources */ = {isa = PBXBuildFile; fileRef = 2B0000000000000000000006 /* TimesView.swift */; };
		3B0000000000000000000007 /* MeetsView.swift in Sources */ = {isa = PBXBuildFile; fileRef = 2B0000000000000000000007 /* MeetsView.swift */; };
		3B0000000000000000000008 /* ScoreView.swift in Sources */ = {isa = PBXBuildFile; fileRef = 2B0000000000000000000008 /* ScoreView.swift */; };
		3B000000000000000000000A /* SplitsView.swift in Sources */ = {isa = PBXBuildFile; fileRef = 2B000000000000000000000A /* SplitsView.swift */; };
		3B000000000000000000000B /* BaseTimes.swift in Sources */ = {isa = PBXBuildFile; fileRef = 2B000000000000000000000B /* BaseTimes.swift */; };
		3B000000000000000000000C /* BaseTimesView.swift in Sources */ = {isa = PBXBuildFile; fileRef = 2B000000000000000000000C /* BaseTimesView.swift */; };
		3B000000000000000000000D /* CourseConverter.swift in Sources */ = {isa = PBXBuildFile; fileRef = 2B000000000000000000000D /* CourseConverter.swift */; };
		3B000000000000000000000E /* ConvertView.swift in Sources */ = {isa = PBXBuildFile; fileRef = 2B000000000000000000000E /* ConvertView.swift */; };
		3B000000000000000000000F /* SettingsView.swift in Sources */ = {isa = PBXBuildFile; fileRef = 2B000000000000000000000F /* SettingsView.swift */; };
		3B0000000000000000000010 /* SwimTimeWheels.swift in Sources */ = {isa = PBXBuildFile; fileRef = 2B0000000000000000000010 /* SwimTimeWheels.swift */; };
		3B0000000000000000000011 /* SwimBadges.swift in Sources */ = {isa = PBXBuildFile; fileRef = 2B0000000000000000000011 /* SwimBadges.swift */; };
		3B0000000000000000000012 /* AddTimeView.swift in Sources */ = {isa = PBXBuildFile; fileRef = 2B0000000000000000000012 /* AddTimeView.swift */; };
		3B0000000000000000000013 /* EventDetailView.swift in Sources */ = {isa = PBXBuildFile; fileRef = 2B0000000000000000000013 /* EventDetailView.swift */; };
		3B0000000000000000000014 /* MeetEditView.swift in Sources */ = {isa = PBXBuildFile; fileRef = 2B0000000000000000000014 /* MeetEditView.swift */; };
		3B0000000000000000000015 /* MeetDetailView.swift in Sources */ = {isa = PBXBuildFile; fileRef = 2B0000000000000000000015 /* MeetDetailView.swift */; };
		3B0000000000000000000016 /* ResultEntryView.swift in Sources */ = {isa = PBXBuildFile; fileRef = 2B0000000000000000000016 /* ResultEntryView.swift */; };
		3B0000000000000000000017 /* RadarChartView.swift in Sources */ = {isa = PBXBuildFile; fileRef = 2B0000000000000000000017 /* RadarChartView.swift */; };
		3B0000000000000000000018 /* GoalsView.swift in Sources */ = {isa = PBXBuildFile; fileRef = 2B0000000000000000000018 /* GoalsView.swift */; };
		3B0000000000000000000019 /* AppGroup.swift in Sources */ = {isa = PBXBuildFile; fileRef = 2B0000000000000000000019 /* AppGroup.swift */; };
		3B000000000000000000001A /* GoalsWidgetSnapshot.swift in Sources */ = {isa = PBXBuildFile; fileRef = 2B000000000000000000001A /* GoalsWidgetSnapshot.swift */; };
		3B000000000000000000001B /* WidgetBridge.swift in Sources */ = {isa = PBXBuildFile; fileRef = 2B000000000000000000001B /* WidgetBridge.swift */; };
		3B000000000000000000001C /* AppGroup.swift in Sources */ = {isa = PBXBuildFile; fileRef = 2B0000000000000000000019 /* AppGroup.swift */; };
		3B000000000000000000001D /* GoalsWidgetSnapshot.swift in Sources */ = {isa = PBXBuildFile; fileRef = 2B000000000000000000001A /* GoalsWidgetSnapshot.swift */; };
		3B000000000000000000001E /* GoalsWidget.swift in Sources */ = {isa = PBXBuildFile; fileRef = 2B000000000000000000001E /* GoalsWidget.swift */; };
		3B000000000000000000001F /* GoalsWidgetBundle.swift in Sources */ = {isa = PBXBuildFile; fileRef = 2B000000000000000000001F /* GoalsWidgetBundle.swift */; };
		3B0000000000000000000020 /* SwimTrackerWidget.appex in Embed Foundation Extensions */ = {isa = PBXBuildFile; fileRef = 1B0000000000000000000021 /* SwimTrackerWidget.appex */; settings = {ATTRIBUTES = (RemoveHeadersOnCopy, ); }; };
		3B0000000000000000000009 /* Assets.xcassets in Resources */ = {isa = PBXBuildFile; fileRef = 2B0000000000000000000009 /* Assets.xcassets */; };
/* End PBXBuildFile section */

/* Begin PBXContainerItemProxy section */
		1B0000000000000000000022 /* PBXContainerItemProxy */ = {
			isa = PBXContainerItemProxy;
			containerPortal = 1B0000000000000000000001 /* Project object */;
			proxyType = 1;
			remoteGlobalIDString = 1B0000000000000000000023;
			remoteInfo = SwimTrackerWidget;
		};
/* End PBXContainerItemProxy section */

/* Begin PBXCopyFilesBuildPhase section */
		1B0000000000000000000024 /* Embed Foundation Extensions */ = {
			isa = PBXCopyFilesBuildPhase;
			buildActionMask = 2147483647;
			dstPath = "";
			dstSubfolderSpec = 13;
			files = (
				3B0000000000000000000020 /* SwimTrackerWidget.appex in Embed Foundation Extensions */,
			);
			name = "Embed Foundation Extensions";
			runOnlyForDeploymentPostprocessing = 0;
		};
/* End PBXCopyFilesBuildPhase section */

/* Begin PBXFileReference section */
		1B0000000000000000000008 /* SwimTracker.app */ = {isa = PBXFileReference; explicitFileType = wrapper.application; includeInIndex = 0; path = SwimTracker.app; sourceTree = BUILT_PRODUCTS_DIR; };
		1B0000000000000000000021 /* SwimTrackerWidget.appex */ = {isa = PBXFileReference; explicitFileType = "wrapper.app-extension"; includeInIndex = 0; path = SwimTrackerWidget.appex; sourceTree = BUILT_PRODUCTS_DIR; };
		2B0000000000000000000001 /* SwimTrackerApp.swift */ = {isa = PBXFileReference; lastKnownFileType = sourcecode.swift; path = SwimTrackerApp.swift; sourceTree = "<group>"; };
		2B0000000000000000000002 /* Models.swift */ = {isa = PBXFileReference; lastKnownFileType = sourcecode.swift; path = Models.swift; sourceTree = "<group>"; };
		2B0000000000000000000003 /* Theme.swift */ = {isa = PBXFileReference; lastKnownFileType = sourcecode.swift; path = Theme.swift; sourceTree = "<group>"; };
		2B0000000000000000000004 /* ContentView.swift */ = {isa = PBXFileReference; lastKnownFileType = sourcecode.swift; path = ContentView.swift; sourceTree = "<group>"; };
		2B0000000000000000000005 /* HomeView.swift */ = {isa = PBXFileReference; lastKnownFileType = sourcecode.swift; path = HomeView.swift; sourceTree = "<group>"; };
		2B0000000000000000000006 /* TimesView.swift */ = {isa = PBXFileReference; lastKnownFileType = sourcecode.swift; path = TimesView.swift; sourceTree = "<group>"; };
		2B0000000000000000000007 /* MeetsView.swift */ = {isa = PBXFileReference; lastKnownFileType = sourcecode.swift; path = MeetsView.swift; sourceTree = "<group>"; };
		2B0000000000000000000008 /* ScoreView.swift */ = {isa = PBXFileReference; lastKnownFileType = sourcecode.swift; path = ScoreView.swift; sourceTree = "<group>"; };
		2B000000000000000000000A /* SplitsView.swift */ = {isa = PBXFileReference; lastKnownFileType = sourcecode.swift; path = SplitsView.swift; sourceTree = "<group>"; };
		2B000000000000000000000B /* BaseTimes.swift */ = {isa = PBXFileReference; lastKnownFileType = sourcecode.swift; path = BaseTimes.swift; sourceTree = "<group>"; };
		2B000000000000000000000C /* BaseTimesView.swift */ = {isa = PBXFileReference; lastKnownFileType = sourcecode.swift; path = BaseTimesView.swift; sourceTree = "<group>"; };
		2B000000000000000000000D /* CourseConverter.swift */ = {isa = PBXFileReference; lastKnownFileType = sourcecode.swift; path = CourseConverter.swift; sourceTree = "<group>"; };
		2B000000000000000000000E /* ConvertView.swift */ = {isa = PBXFileReference; lastKnownFileType = sourcecode.swift; path = ConvertView.swift; sourceTree = "<group>"; };
		2B000000000000000000000F /* SettingsView.swift */ = {isa = PBXFileReference; lastKnownFileType = sourcecode.swift; path = SettingsView.swift; sourceTree = "<group>"; };
		2B0000000000000000000010 /* SwimTimeWheels.swift */ = {isa = PBXFileReference; lastKnownFileType = sourcecode.swift; path = SwimTimeWheels.swift; sourceTree = "<group>"; };
		2B0000000000000000000011 /* SwimBadges.swift */ = {isa = PBXFileReference; lastKnownFileType = sourcecode.swift; path = SwimBadges.swift; sourceTree = "<group>"; };
		2B0000000000000000000012 /* AddTimeView.swift */ = {isa = PBXFileReference; lastKnownFileType = sourcecode.swift; path = AddTimeView.swift; sourceTree = "<group>"; };
		2B0000000000000000000013 /* EventDetailView.swift */ = {isa = PBXFileReference; lastKnownFileType = sourcecode.swift; path = EventDetailView.swift; sourceTree = "<group>"; };
		2B0000000000000000000014 /* MeetEditView.swift */ = {isa = PBXFileReference; lastKnownFileType = sourcecode.swift; path = MeetEditView.swift; sourceTree = "<group>"; };
		2B0000000000000000000015 /* MeetDetailView.swift */ = {isa = PBXFileReference; lastKnownFileType = sourcecode.swift; path = MeetDetailView.swift; sourceTree = "<group>"; };
		2B0000000000000000000016 /* ResultEntryView.swift */ = {isa = PBXFileReference; lastKnownFileType = sourcecode.swift; path = ResultEntryView.swift; sourceTree = "<group>"; };
		2B0000000000000000000017 /* RadarChartView.swift */ = {isa = PBXFileReference; lastKnownFileType = sourcecode.swift; path = RadarChartView.swift; sourceTree = "<group>"; };
		2B0000000000000000000018 /* GoalsView.swift */ = {isa = PBXFileReference; lastKnownFileType = sourcecode.swift; path = GoalsView.swift; sourceTree = "<group>"; };
		2B0000000000000000000019 /* AppGroup.swift */ = {isa = PBXFileReference; lastKnownFileType = sourcecode.swift; path = AppGroup.swift; sourceTree = "<group>"; };
		2B000000000000000000001A /* GoalsWidgetSnapshot.swift */ = {isa = PBXFileReference; lastKnownFileType = sourcecode.swift; path = GoalsWidgetSnapshot.swift; sourceTree = "<group>"; };
		2B000000000000000000001B /* WidgetBridge.swift */ = {isa = PBXFileReference; lastKnownFileType = sourcecode.swift; path = WidgetBridge.swift; sourceTree = "<group>"; };
		2B000000000000000000001C /* SwimTracker.entitlements */ = {isa = PBXFileReference; lastKnownFileType = text.plist.entitlements; path = SwimTracker.entitlements; sourceTree = "<group>"; };
		2B000000000000000000001E /* GoalsWidget.swift */ = {isa = PBXFileReference; lastKnownFileType = sourcecode.swift; path = GoalsWidget.swift; sourceTree = "<group>"; };
		2B000000000000000000001F /* GoalsWidgetBundle.swift */ = {isa = PBXFileReference; lastKnownFileType = sourcecode.swift; path = GoalsWidgetBundle.swift; sourceTree = "<group>"; };
		2B0000000000000000000025 /* Info.plist */ = {isa = PBXFileReference; lastKnownFileType = text.plist.xml; path = Info.plist; sourceTree = "<group>"; };
		2B0000000000000000000026 /* SwimTrackerWidget.entitlements */ = {isa = PBXFileReference; lastKnownFileType = text.plist.entitlements; path = SwimTrackerWidget.entitlements; sourceTree = "<group>"; };
		2B0000000000000000000009 /* Assets.xcassets */ = {isa = PBXFileReference; lastKnownFileType = folder.assetcatalog; path = Assets.xcassets; sourceTree = "<group>"; };
/* End PBXFileReference section */

/* Begin PBXFrameworksBuildPhase section */
		1B0000000000000000000006 /* Frameworks */ = {
			isa = PBXFrameworksBuildPhase;
			buildActionMask = 2147483647;
			files = (
			);
			runOnlyForDeploymentPostprocessing = 0;
		};
		1B0000000000000000000027 /* Frameworks */ = {
			isa = PBXFrameworksBuildPhase;
			buildActionMask = 2147483647;
			files = (
			);
			runOnlyForDeploymentPostprocessing = 0;
		};
/* End PBXFrameworksBuildPhase section */

/* Begin PBXGroup section */
		1B0000000000000000000002 = {
			isa = PBXGroup;
			children = (
				1B000000000000000000000F /* SwimTracker */,
				1B0000000000000000000028 /* SwimTrackerWidget */,
				1B0000000000000000000003 /* Products */,
			);
			sourceTree = "<group>";
		};
		1B0000000000000000000003 /* Products */ = {
			isa = PBXGroup;
			children = (
				1B0000000000000000000008 /* SwimTracker.app */,
				1B0000000000000000000021 /* SwimTrackerWidget.appex */,
			);
			name = Products;
			sourceTree = "<group>";
		};
		1B000000000000000000000F /* SwimTracker */ = {
			isa = PBXGroup;
			children = (
				1B0000000000000000000029 /* Shared */,
				2B0000000000000000000001 /* SwimTrackerApp.swift */,
				2B0000000000000000000002 /* Models.swift */,
				2B0000000000000000000003 /* Theme.swift */,
				2B0000000000000000000004 /* ContentView.swift */,
				2B0000000000000000000005 /* HomeView.swift */,
				2B0000000000000000000006 /* TimesView.swift */,
				2B0000000000000000000007 /* MeetsView.swift */,
				2B0000000000000000000008 /* ScoreView.swift */,
				2B000000000000000000000A /* SplitsView.swift */,
				2B000000000000000000000B /* BaseTimes.swift */,
				2B000000000000000000000C /* BaseTimesView.swift */,
				2B000000000000000000000D /* CourseConverter.swift */,
				2B000000000000000000000E /* ConvertView.swift */,
				2B000000000000000000000F /* SettingsView.swift */,
				2B0000000000000000000010 /* SwimTimeWheels.swift */,
				2B0000000000000000000011 /* SwimBadges.swift */,
				2B0000000000000000000012 /* AddTimeView.swift */,
				2B0000000000000000000013 /* EventDetailView.swift */,
				2B0000000000000000000014 /* MeetEditView.swift */,
				2B0000000000000000000015 /* MeetDetailView.swift */,
				2B0000000000000000000016 /* ResultEntryView.swift */,
				2B0000000000000000000017 /* RadarChartView.swift */,
				2B0000000000000000000018 /* GoalsView.swift */,
				2B000000000000000000001B /* WidgetBridge.swift */,
				2B000000000000000000001C /* SwimTracker.entitlements */,
				2B0000000000000000000009 /* Assets.xcassets */,
			);
			path = SwimTracker;
			sourceTree = "<group>";
		};
		1B0000000000000000000028 /* SwimTrackerWidget */ = {
			isa = PBXGroup;
			children = (
				2B000000000000000000001E /* GoalsWidget.swift */,
				2B000000000000000000001F /* GoalsWidgetBundle.swift */,
				2B0000000000000000000025 /* Info.plist */,
				2B0000000000000000000026 /* SwimTrackerWidget.entitlements */,
			);
			path = SwimTrackerWidget;
			sourceTree = "<group>";
		};
		1B0000000000000000000029 /* Shared */ = {
			isa = PBXGroup;
			children = (
				2B0000000000000000000019 /* AppGroup.swift */,
				2B000000000000000000001A /* GoalsWidgetSnapshot.swift */,
			);
			path = Shared;
			sourceTree = "<group>";
		};
/* End PBXGroup section */

/* Begin PBXNativeTarget section */
		1B0000000000000000000004 /* SwimTracker */ = {
			isa = PBXNativeTarget;
			buildConfigurationList = 1B000000000000000000000A /* Build configuration list for PBXNativeTarget "SwimTracker" */;
			buildPhases = (
				1B0000000000000000000005 /* Sources */,
				1B0000000000000000000006 /* Frameworks */,
				1B0000000000000000000007 /* Resources */,
				1B0000000000000000000024 /* Embed Foundation Extensions */,
			);
			buildRules = (
			);
			dependencies = (
				1B000000000000000000002A /* PBXTargetDependency */,
			);
			name = SwimTracker;
			productName = SwimTracker;
			productReference = 1B0000000000000000000008 /* SwimTracker.app */;
			productType = "com.apple.product-type.application";
		};
		1B0000000000000000000023 /* SwimTrackerWidget */ = {
			isa = PBXNativeTarget;
			buildConfigurationList = 1B000000000000000000002B /* Build configuration list for PBXNativeTarget "SwimTrackerWidget" */;
			buildPhases = (
				1B000000000000000000002C /* Sources */,
				1B0000000000000000000027 /* Frameworks */,
				1B000000000000000000002D /* Resources */,
			);
			buildRules = (
			);
			dependencies = (
			);
			name = SwimTrackerWidget;
			productName = SwimTrackerWidget;
			productReference = 1B0000000000000000000021 /* SwimTrackerWidget.appex */;
			productType = "com.apple.product-type.app-extension";
		};
/* End PBXNativeTarget section */

/* Begin PBXProject section */
		1B0000000000000000000001 /* Project object */ = {
			isa = PBXProject;
			attributes = {
				BuildIndependentTargetsInParallel = 1;
				LastSwiftUpdateCheck = 1500;
				LastUpgradeCheck = 1500;
				TargetAttributes = {
					1B0000000000000000000004 = {
						CreatedOnToolsVersion = 15.0;
					};
					1B0000000000000000000023 = {
						CreatedOnToolsVersion = 15.0;
					};
				};
			};
			buildConfigurationList = 1B0000000000000000000009 /* Build configuration list for PBXProject "SwimTracker" */;
			compatibilityVersion = "Xcode 14.0";
			developmentRegion = en;
			hasScannedForEncodings = 0;
			knownRegions = (
				en,
				Base,
			);
			mainGroup = 1B0000000000000000000002;
			productRefGroup = 1B0000000000000000000003 /* Products */;
			projectDirPath = "";
			projectRoot = "";
			targets = (
				1B0000000000000000000004 /* SwimTracker */,
				1B0000000000000000000023 /* SwimTrackerWidget */,
			);
		};
/* End PBXProject section */

/* Begin PBXResourcesBuildPhase section */
		1B0000000000000000000007 /* Resources */ = {
			isa = PBXResourcesBuildPhase;
			buildActionMask = 2147483647;
			files = (
				3B0000000000000000000009 /* Assets.xcassets in Resources */,
			);
			runOnlyForDeploymentPostprocessing = 0;
		};
		1B000000000000000000002D /* Resources */ = {
			isa = PBXResourcesBuildPhase;
			buildActionMask = 2147483647;
			files = (
			);
			runOnlyForDeploymentPostprocessing = 0;
		};
/* End PBXResourcesBuildPhase section */

/* Begin PBXSourcesBuildPhase section */
		1B0000000000000000000005 /* Sources */ = {
			isa = PBXSourcesBuildPhase;
			buildActionMask = 2147483647;
			files = (
				3B0000000000000000000001 /* SwimTrackerApp.swift in Sources */,
				3B0000000000000000000002 /* Models.swift in Sources */,
				3B0000000000000000000003 /* Theme.swift in Sources */,
				3B0000000000000000000004 /* ContentView.swift in Sources */,
				3B0000000000000000000005 /* HomeView.swift in Sources */,
				3B0000000000000000000006 /* TimesView.swift in Sources */,
				3B0000000000000000000007 /* MeetsView.swift in Sources */,
				3B0000000000000000000008 /* ScoreView.swift in Sources */,
				3B000000000000000000000A /* SplitsView.swift in Sources */,
				3B000000000000000000000B /* BaseTimes.swift in Sources */,
				3B000000000000000000000C /* BaseTimesView.swift in Sources */,
				3B000000000000000000000D /* CourseConverter.swift in Sources */,
				3B000000000000000000000E /* ConvertView.swift in Sources */,
				3B000000000000000000000F /* SettingsView.swift in Sources */,
				3B0000000000000000000010 /* SwimTimeWheels.swift in Sources */,
				3B0000000000000000000011 /* SwimBadges.swift in Sources */,
				3B0000000000000000000012 /* AddTimeView.swift in Sources */,
				3B0000000000000000000013 /* EventDetailView.swift in Sources */,
				3B0000000000000000000014 /* MeetEditView.swift in Sources */,
				3B0000000000000000000015 /* MeetDetailView.swift in Sources */,
				3B0000000000000000000016 /* ResultEntryView.swift in Sources */,
				3B0000000000000000000017 /* RadarChartView.swift in Sources */,
				3B0000000000000000000018 /* GoalsView.swift in Sources */,
				3B0000000000000000000019 /* AppGroup.swift in Sources */,
				3B000000000000000000001A /* GoalsWidgetSnapshot.swift in Sources */,
				3B000000000000000000001B /* WidgetBridge.swift in Sources */,
			);
			runOnlyForDeploymentPostprocessing = 0;
		};
		1B000000000000000000002C /* Sources */ = {
			isa = PBXSourcesBuildPhase;
			buildActionMask = 2147483647;
			files = (
				3B000000000000000000001E /* GoalsWidget.swift in Sources */,
				3B000000000000000000001F /* GoalsWidgetBundle.swift in Sources */,
				3B000000000000000000001C /* AppGroup.swift in Sources */,
				3B000000000000000000001D /* GoalsWidgetSnapshot.swift in Sources */,
			);
			runOnlyForDeploymentPostprocessing = 0;
		};
/* End PBXSourcesBuildPhase section */

/* Begin PBXTargetDependency section */
		1B000000000000000000002A /* PBXTargetDependency */ = {
			isa = PBXTargetDependency;
			target = 1B0000000000000000000023 /* SwimTrackerWidget */;
			targetProxy = 1B0000000000000000000022 /* PBXContainerItemProxy */;
		};
/* End PBXTargetDependency section */

/* Begin XCBuildConfiguration section */
		1B000000000000000000000B /* Debug */ = {
			isa = XCBuildConfiguration;
			buildSettings = {
				ALWAYS_SEARCH_USER_PATHS = NO;
				ASSETCATALOG_COMPILER_GENERATE_SWIFT_ASSET_SYMBOL_EXTENSIONS = YES;
				CLANG_ANALYZER_NONNULL = YES;
				CLANG_ANALYZER_NUMBER_OBJECT_CONVERSION = YES_AGGRESSIVE;
				CLANG_CXX_LANGUAGE_STANDARD = "gnu++20";
				CLANG_ENABLE_MODULES = YES;
				CLANG_ENABLE_OBJC_ARC = YES;
				CLANG_ENABLE_OBJC_WEAK = YES;
				CLANG_WARN_BLOCK_CAPTURE_AUTORELEASING = YES;
				CLANG_WARN_BOOL_CONVERSION = YES;
				CLANG_WARN_COMMA = YES;
				CLANG_WARN_CONSTANT_CONVERSION = YES;
				CLANG_WARN_DEPRECATED_OBJC_IMPLEMENTATIONS = YES;
				CLANG_WARN_DIRECT_OBJC_ISA_USAGE = YES_ERROR;
				CLANG_WARN_DOCUMENTATION_COMMENTS = YES;
				CLANG_WARN_EMPTY_BODY = YES;
				CLANG_WARN_ENUM_CONVERSION = YES;
				CLANG_WARN_INFINITE_RECURSION = YES;
				CLANG_WARN_INT_CONVERSION = YES;
				CLANG_WARN_NON_LITERAL_NULL_CONVERSION = YES;
				CLANG_WARN_OBJC_IMPLICIT_RETAIN_SELF = YES;
				CLANG_WARN_OBJC_LITERAL_CONVERSION = YES;
				CLANG_WARN_OBJC_ROOT_CLASS = YES_ERROR;
				CLANG_WARN_QUOTED_INCLUDE_IN_FRAMEWORK_HEADER = YES;
				CLANG_WARN_RANGE_LOOP_ANALYSIS = YES;
				CLANG_WARN_STRICT_PROTOTYPES = YES;
				CLANG_WARN_SUSPICIOUS_MOVE = YES;
				CLANG_WARN_UNGUARDED_AVAILABILITY = YES_AGGRESSIVE;
				CLANG_WARN_UNREACHABLE_CODE = YES;
				CLANG_WARN__DUPLICATE_METHOD_MATCH = YES;
				COPY_PHASE_STRIP = NO;
				DEBUG_INFORMATION_FORMAT = dwarf;
				ENABLE_STRICT_OBJC_MSGSEND = YES;
				ENABLE_TESTABILITY = YES;
				ENABLE_USER_SCRIPT_SANDBOXING = YES;
				GCC_C_LANGUAGE_STANDARD = gnu17;
				GCC_DYNAMIC_NO_PIC = NO;
				GCC_NO_COMMON_BLOCKS = YES;
				GCC_OPTIMIZATION_LEVEL = 0;
				GCC_PREPROCESSOR_DEFINITIONS = (
					"DEBUG=1",
					"$(inherited)",
				);
				GCC_WARN_64_TO_32_BIT_CONVERSION = YES;
				GCC_WARN_ABOUT_RETURN_TYPE = YES_ERROR;
				GCC_WARN_UNDECLARED_SELECTOR = YES;
				GCC_WARN_UNINITIALIZED_AUTOS = YES_AGGRESSIVE;
				GCC_WARN_UNUSED_FUNCTION = YES;
				GCC_WARN_UNUSED_VARIABLE = YES;
				IPHONEOS_DEPLOYMENT_TARGET = 17.0;
				LOCALIZATION_PREFERS_STRING_CATALOGS = YES;
				MTL_ENABLE_DEBUG_INFO = INCLUDE_SOURCE;
				MTL_FAST_MATH = YES;
				ONLY_ACTIVE_ARCH = YES;
				SDKROOT = iphoneos;
				SWIFT_ACTIVE_COMPILATION_CONDITIONS = "DEBUG $(inherited)";
				SWIFT_OPTIMIZATION_LEVEL = "-Onone";
			};
			name = Debug;
		};
		1B000000000000000000000C /* Release */ = {
			isa = XCBuildConfiguration;
			buildSettings = {
				ALWAYS_SEARCH_USER_PATHS = NO;
				ASSETCATALOG_COMPILER_GENERATE_SWIFT_ASSET_SYMBOL_EXTENSIONS = YES;
				CLANG_ANALYZER_NONNULL = YES;
				CLANG_ANALYZER_NUMBER_OBJECT_CONVERSION = YES_AGGRESSIVE;
				CLANG_CXX_LANGUAGE_STANDARD = "gnu++20";
				CLANG_ENABLE_MODULES = YES;
				CLANG_ENABLE_OBJC_ARC = YES;
				CLANG_ENABLE_OBJC_WEAK = YES;
				CLANG_WARN_BLOCK_CAPTURE_AUTORELEASING = YES;
				CLANG_WARN_BOOL_CONVERSION = YES;
				CLANG_WARN_COMMA = YES;
				CLANG_WARN_CONSTANT_CONVERSION = YES;
				CLANG_WARN_DEPRECATED_OBJC_IMPLEMENTATIONS = YES;
				CLANG_WARN_DIRECT_OBJC_ISA_USAGE = YES_ERROR;
				CLANG_WARN_DOCUMENTATION_COMMENTS = YES;
				CLANG_WARN_EMPTY_BODY = YES;
				CLANG_WARN_ENUM_CONVERSION = YES;
				CLANG_WARN_INFINITE_RECURSION = YES;
				CLANG_WARN_INT_CONVERSION = YES;
				CLANG_WARN_NON_LITERAL_NULL_CONVERSION = YES;
				CLANG_WARN_OBJC_IMPLICIT_RETAIN_SELF = YES;
				CLANG_WARN_OBJC_LITERAL_CONVERSION = YES;
				CLANG_WARN_OBJC_ROOT_CLASS = YES_ERROR;
				CLANG_WARN_QUOTED_INCLUDE_IN_FRAMEWORK_HEADER = YES;
				CLANG_WARN_RANGE_LOOP_ANALYSIS = YES;
				CLANG_WARN_STRICT_PROTOTYPES = YES;
				CLANG_WARN_SUSPICIOUS_MOVE = YES;
				CLANG_WARN_UNGUARDED_AVAILABILITY = YES_AGGRESSIVE;
				CLANG_WARN_UNREACHABLE_CODE = YES;
				CLANG_WARN__DUPLICATE_METHOD_MATCH = YES;
				COPY_PHASE_STRIP = NO;
				DEBUG_INFORMATION_FORMAT = "dwarf-with-dsym";
				ENABLE_NS_ASSERTIONS = NO;
				ENABLE_STRICT_OBJC_MSGSEND = YES;
				ENABLE_USER_SCRIPT_SANDBOXING = YES;
				GCC_C_LANGUAGE_STANDARD = gnu17;
				GCC_NO_COMMON_BLOCKS = YES;
				GCC_WARN_64_TO_32_BIT_CONVERSION = YES;
				GCC_WARN_ABOUT_RETURN_TYPE = YES_ERROR;
				GCC_WARN_UNDECLARED_SELECTOR = YES;
				GCC_WARN_UNINITIALIZED_AUTOS = YES_AGGRESSIVE;
				GCC_WARN_UNUSED_FUNCTION = YES;
				GCC_WARN_UNUSED_VARIABLE = YES;
				IPHONEOS_DEPLOYMENT_TARGET = 17.0;
				LOCALIZATION_PREFERS_STRING_CATALOGS = YES;
				MTL_ENABLE_DEBUG_INFO = NO;
				MTL_FAST_MATH = YES;
				SDKROOT = iphoneos;
				SWIFT_COMPILATION_MODE = wholemodule;
				VALIDATE_PRODUCT = YES;
			};
			name = Release;
		};
		1B000000000000000000000D /* Debug */ = {
			isa = XCBuildConfiguration;
			buildSettings = {
				ASSETCATALOG_COMPILER_APPICON_NAME = AppIcon;
				ASSETCATALOG_COMPILER_GLOBAL_ACCENT_COLOR_NAME = AccentColor;
				CODE_SIGN_ENTITLEMENTS = SwimTracker/SwimTracker.entitlements;
				CODE_SIGN_STYLE = Automatic;
				CURRENT_PROJECT_VERSION = 1;
				ENABLE_PREVIEWS = YES;
				GENERATE_INFOPLIST_FILE = YES;
				INFOPLIST_KEY_CFBundleDisplayName = SwimTracker;
				INFOPLIST_KEY_UIApplicationSceneManifest_Generation = YES;
				INFOPLIST_KEY_UIApplicationSupportsIndirectInputEvents = YES;
				INFOPLIST_KEY_UILaunchScreen_Generation = YES;
				INFOPLIST_KEY_UISupportedInterfaceOrientations_iPad = "UIInterfaceOrientationPortrait UIInterfaceOrientationPortraitUpsideDown UIInterfaceOrientationLandscapeLeft UIInterfaceOrientationLandscapeRight";
				INFOPLIST_KEY_UISupportedInterfaceOrientations_iPhone = "UIInterfaceOrientationPortrait UIInterfaceOrientationLandscapeLeft UIInterfaceOrientationLandscapeRight";
				IPHONEOS_DEPLOYMENT_TARGET = 17.0;
				LD_RUNPATH_SEARCH_PATHS = (
					"$(inherited)",
					"@executable_path/Frameworks",
				);
				MARKETING_VERSION = 1.0;
				PRODUCT_BUNDLE_IDENTIFIER = com.yourname.swimtracker;
				PRODUCT_NAME = "$(TARGET_NAME)";
				SWIFT_EMIT_LOC_STRINGS = YES;
				SWIFT_VERSION = 5.0;
				TARGETED_DEVICE_FAMILY = "1,2";
			};
			name = Debug;
		};
		1B000000000000000000000E /* Release */ = {
			isa = XCBuildConfiguration;
			buildSettings = {
				ASSETCATALOG_COMPILER_APPICON_NAME = AppIcon;
				ASSETCATALOG_COMPILER_GLOBAL_ACCENT_COLOR_NAME = AccentColor;
				CODE_SIGN_ENTITLEMENTS = SwimTracker/SwimTracker.entitlements;
				CODE_SIGN_STYLE = Automatic;
				CURRENT_PROJECT_VERSION = 1;
				ENABLE_PREVIEWS = YES;
				GENERATE_INFOPLIST_FILE = YES;
				INFOPLIST_KEY_CFBundleDisplayName = SwimTracker;
				INFOPLIST_KEY_UIApplicationSceneManifest_Generation = YES;
				INFOPLIST_KEY_UIApplicationSupportsIndirectInputEvents = YES;
				INFOPLIST_KEY_UILaunchScreen_Generation = YES;
				INFOPLIST_KEY_UISupportedInterfaceOrientations_iPad = "UIInterfaceOrientationPortrait UIInterfaceOrientationPortraitUpsideDown UIInterfaceOrientationLandscapeLeft UIInterfaceOrientationLandscapeRight";
				INFOPLIST_KEY_UISupportedInterfaceOrientations_iPhone = "UIInterfaceOrientationPortrait UIInterfaceOrientationLandscapeLeft UIInterfaceOrientationLandscapeRight";
				IPHONEOS_DEPLOYMENT_TARGET = 17.0;
				LD_RUNPATH_SEARCH_PATHS = (
					"$(inherited)",
					"@executable_path/Frameworks",
				);
				MARKETING_VERSION = 1.0;
				PRODUCT_BUNDLE_IDENTIFIER = com.yourname.swimtracker;
				PRODUCT_NAME = "$(TARGET_NAME)";
				SWIFT_EMIT_LOC_STRINGS = YES;
				SWIFT_VERSION = 5.0;
				TARGETED_DEVICE_FAMILY = "1,2";
			};
			name = Release;
		};
		1B000000000000000000002E /* Debug */ = {
			isa = XCBuildConfiguration;
			buildSettings = {
				APPLICATION_EXTENSION_API_ONLY = YES;
				CODE_SIGN_ENTITLEMENTS = SwimTrackerWidget/SwimTrackerWidget.entitlements;
				CODE_SIGN_STYLE = Automatic;
				CURRENT_PROJECT_VERSION = 1;
				GENERATE_INFOPLIST_FILE = YES;
				INFOPLIST_FILE = SwimTrackerWidget/Info.plist;
				INFOPLIST_KEY_CFBundleDisplayName = Goals;
				INFOPLIST_KEY_NSHumanReadableCopyright = "";
				IPHONEOS_DEPLOYMENT_TARGET = 17.0;
				LD_RUNPATH_SEARCH_PATHS = (
					"$(inherited)",
					"@executable_path/Frameworks",
					"@executable_path/../../Frameworks",
				);
				MARKETING_VERSION = 1.0;
				PRODUCT_BUNDLE_IDENTIFIER = com.yourname.swimtracker.widget;
				PRODUCT_NAME = "$(TARGET_NAME)";
				SKIP_INSTALL = YES;
				SWIFT_EMIT_LOC_STRINGS = YES;
				SWIFT_VERSION = 5.0;
				TARGETED_DEVICE_FAMILY = "1,2";
			};
			name = Debug;
		};
		1B000000000000000000002F /* Release */ = {
			isa = XCBuildConfiguration;
			buildSettings = {
				APPLICATION_EXTENSION_API_ONLY = YES;
				CODE_SIGN_ENTITLEMENTS = SwimTrackerWidget/SwimTrackerWidget.entitlements;
				CODE_SIGN_STYLE = Automatic;
				CURRENT_PROJECT_VERSION = 1;
				GENERATE_INFOPLIST_FILE = YES;
				INFOPLIST_FILE = SwimTrackerWidget/Info.plist;
				INFOPLIST_KEY_CFBundleDisplayName = Goals;
				INFOPLIST_KEY_NSHumanReadableCopyright = "";
				IPHONEOS_DEPLOYMENT_TARGET = 17.0;
				LD_RUNPATH_SEARCH_PATHS = (
					"$(inherited)",
					"@executable_path/Frameworks",
					"@executable_path/../../Frameworks",
				);
				MARKETING_VERSION = 1.0;
				PRODUCT_BUNDLE_IDENTIFIER = com.yourname.swimtracker.widget;
				PRODUCT_NAME = "$(TARGET_NAME)";
				SKIP_INSTALL = YES;
				SWIFT_EMIT_LOC_STRINGS = YES;
				SWIFT_VERSION = 5.0;
				TARGETED_DEVICE_FAMILY = "1,2";
			};
			name = Release;
		};
/* End XCBuildConfiguration section */

/* Begin XCConfigurationList section */
		1B0000000000000000000009 /* Build configuration list for PBXProject "SwimTracker" */ = {
			isa = XCConfigurationList;
			buildConfigurations = (
				1B000000000000000000000B /* Debug */,
				1B000000000000000000000C /* Release */,
			);
			defaultConfigurationIsVisible = 0;
			defaultConfigurationName = Release;
		};
		1B000000000000000000000A /* Build configuration list for PBXNativeTarget "SwimTracker" */ = {
			isa = XCConfigurationList;
			buildConfigurations = (
				1B000000000000000000000D /* Debug */,
				1B000000000000000000000E /* Release */,
			);
			defaultConfigurationIsVisible = 0;
			defaultConfigurationName = Release;
		};
		1B000000000000000000002B /* Build configuration list for PBXNativeTarget "SwimTrackerWidget" */ = {
			isa = XCConfigurationList;
			buildConfigurations = (
				1B000000000000000000002E /* Debug */,
				1B000000000000000000002F /* Release */,
			);
			defaultConfigurationIsVisible = 0;
			defaultConfigurationName = Release;
		};
/* End XCConfigurationList section */
	};
	rootObject = 1B0000000000000000000001 /* Project object */;
}
